
Microsoft Visual Studio Solution File, Format Version 12.00
# Visual Studio Version 17
VisualStudioVersion = 17.6.33829.357
MinimumVisualStudioVersion = 10.0.40219.1
Project("{9A19103F-16F7-4668-BE54-9A1E7A4F7556}") = "MsTest1", "MsTest1\MsTest1.csproj", "{63FA1575-F322-4D59-8865-D2F5FE6FFC1C}"
EndProject
Project("{FAE04EC0-301F-11D3-BF4B-00C04F79EFBC}") = "Calculator", "Calculator\Calculator.csproj", "{1827AA48-623E-4FAF-89C1-C2A182A3F2E7}"
EndProject
Global
	GlobalSection(SolutionConfigurationPlatforms) = preSolution
		Debug|Any CPU = Debug|Any CPU
		Release|Any CPU = Release|Any CPU
	EndGlobalSection
	GlobalSection(ProjectConfigurationPlatforms) = postSolution
		{63FA1575-F322-4D59-8865-D2F5FE6FFC1C}.Debug|Any CPU.ActiveCfg = Debug|Any CPU
		{63FA1575-F322-4D59-8865-D2F5FE6FFC1C}.Debug|Any CPU.Build.0 = Debug|Any CPU
		{63FA1575-F322-4D59-8865-D2F5FE6FFC1C}.Release|Any CPU.ActiveCfg = Release|Any CPU
		{63FA1575-F322-4D59-8865-D2F5FE6FFC1C}.Release|Any CPU.Build.0 = Release|Any CPU
		{1827AA48-623E-4FAF-89C1-C2A182A3F2E7}.Debug|Any CPU.ActiveCfg = Debug|Any CPU
		{1827AA48-623E-4FAF-89C1-C2A182A3F2E7}.Debug|Any CPU.Build.0 = Debug|Any CPU
		{1827AA48-623E-4FAF-89C1-C2A182A3F2E7}.Release|Any CPU.ActiveCfg = Release|Any CPU
		{1827AA48-623E-4FAF-89C1-C2A182A3F2E7}.Release|Any CPU.Build.0 = Release|Any CPU
	EndGlobalSection
	GlobalSection(SolutionProperties) = preSolution
		HideSolutionNode = FALSE
	EndGlobalSection
	GlobalSection(ExtensibilityGlobals) = postSolution
		SolutionGuid = {5B65EC64-3B82-4220-AA48-87DD6C0F7C4C}
	EndGlobalSection
EndGlobal
